
Microsoft Visual Studio Solution File, Format Version 12.00
# Visual Studio Version 17
VisualStudioVersion = 17.5.33424.131
MinimumVisualStudioVersion = 10.0.40219.1
Project("{8BC9CEB8-8B4A-11D0-8D11-00A0C91BC942}") = "Client", "Client\Client.vcxproj", "{117CDE45-C062-48E9-95B7-C17AC48DA7E1}"
EndProject
Global
	GlobalSection(SolutionConfigurationPlatforms) = preSolution
		Debug|x64 = Debug|x64
		Debug|x86 = Debug|x86
		Release|x64 = Release|x64
		Release|x86 = Release|x86
	EndGlobalSection
	GlobalSection(ProjectConfigurationPlatforms) = postSolution
		{117CDE45-C062-48E9-95B7-C17AC48DA7E1}.Debug|x64.ActiveCfg = Debug|x64
		{117CDE45-C062-48E9-95B7-C17AC48DA7E1}.Debug|x64.Build.0 = Debug|x64
		{117CDE45-C062-48E9-95B7-C17AC48DA7E1}.Debug|x86.ActiveCfg = Debug|Win32
		{117CDE45-C062-48E9-95B7-C17AC48DA7E1}.Debug|x86.Build.0 = Debug|Win32
		{117CDE45-C062-48E9-95B7-C17AC48DA7E1}.Release|x64.ActiveCfg = Release|x64
		{117CDE45-C062-48E9-95B7-C17AC48DA7E1}.Release|x64.Build.0 = Release|x64
		{117CDE45-C062-48E9-95B7-C17AC48DA7E1}.Release|x86.ActiveCfg = Release|Win32
		{117CDE45-C062-48E9-95B7-C17AC48DA7E1}.Release|x86.Build.0 = Release|Win32
	EndGlobalSection
	GlobalSection(SolutionProperties) = preSolution
		HideSolutionNode = FALSE
	EndGlobalSection
	GlobalSection(ExtensibilityGlobals) = postSolution
		SolutionGuid = {672F70E8-B06A-452B-B8AC-13B179F1B006}
	EndGlobalSection
EndGlobal
